
Microsoft Visual Studio Solution File, Format Version 12.00
# Visual Studio 15
VisualStudioVersion = 15.0.26124.0
MinimumVisualStudioVersion = 15.0.26124.0
Project("{2150E333-8FDC-42A3-9474-1A3956D46DE8}") = "src", "src", "{DA71CDAA-8DD3-4D5F-9FBD-8E4B37A2D925}"
EndProject
Project("{2150E333-8FDC-42A3-9474-1A3956D46DE8}") = "persistence", "persistence", "{3C8AD9A5-2FE0-4983-A1D2-1AE6A17605AC}"
EndProject
Project("{2150E333-8FDC-42A3-9474-1A3956D46DE8}") = "solution", "solution", "{013687DC-DB50-4C91-994E-B22D6D7B029E}"
ProjectSection(SolutionItems) = preProject
	.gitattributes = .gitattributes
	.gitignore = .gitignore
	LICENSE = LICENSE
	README.md = README.md
EndProjectSection
EndProject
Project("{2150E333-8FDC-42A3-9474-1A3956D46DE8}") = "core", "core", "{F1CD95F7-A512-49CE-9A04-879D24C5EDB3}"
EndProject
Project("{2150E333-8FDC-42A3-9474-1A3956D46DE8}") = "web", "web", "{5A5493C1-FCF2-4EA8-BA1A-B0144E3428BE}"
EndProject
Project("{FAE04EC0-301F-11D3-BF4B-00C04F79EFBC}") = "SchlauHaus.Core", "src\SchlauHaus.Core\SchlauHaus.Core.csproj", "{C36CB62D-1C57-4BCA-B67A-F82D162B5542}"
EndProject
Project("{FAE04EC0-301F-11D3-BF4B-00C04F79EFBC}") = "SchlauHaus.Abstractions", "src\SchlauHaus.Abstractions\SchlauHaus.Abstractions.csproj", "{5150C4C4-58E5-471C-AD78-877F5FA21B65}"
EndProject
Project("{FAE04EC0-301F-11D3-BF4B-00C04F79EFBC}") = "SchlauHaus.WebApi", "src\SchlauHaus.WebApi\SchlauHaus.WebApi.csproj", "{4FCF4278-0AE9-4E58-B5E2-960122BBDAB2}"
EndProject
Global
	GlobalSection(SolutionConfigurationPlatforms) = preSolution
		Debug|Any CPU = Debug|Any CPU
		Debug|x64 = Debug|x64
		Debug|x86 = Debug|x86
		Release|Any CPU = Release|Any CPU
		Release|x64 = Release|x64
		Release|x86 = Release|x86
	EndGlobalSection
	GlobalSection(SolutionProperties) = preSolution
		HideSolutionNode = FALSE
	EndGlobalSection
	GlobalSection(ProjectConfigurationPlatforms) = postSolution
		{3CC2CBCE-65F2-4035-8582-5EC825C9A10F}.Debug|Any CPU.ActiveCfg = Debug|Any CPU
		{3CC2CBCE-65F2-4035-8582-5EC825C9A10F}.Debug|Any CPU.Build.0 = Debug|Any CPU
		{3CC2CBCE-65F2-4035-8582-5EC825C9A10F}.Debug|x64.ActiveCfg = Debug|Any CPU
		{3CC2CBCE-65F2-4035-8582-5EC825C9A10F}.Debug|x64.Build.0 = Debug|Any CPU
		{3CC2CBCE-65F2-4035-8582-5EC825C9A10F}.Debug|x86.ActiveCfg = Debug|Any CPU
		{3CC2CBCE-65F2-4035-8582-5EC825C9A10F}.Debug|x86.Build.0 = Debug|Any CPU
		{3CC2CBCE-65F2-4035-8582-5EC825C9A10F}.Release|Any CPU.ActiveCfg = Release|Any CPU
		{3CC2CBCE-65F2-4035-8582-5EC825C9A10F}.Release|Any CPU.Build.0 = Release|Any CPU
		{3CC2CBCE-65F2-4035-8582-5EC825C9A10F}.Release|x64.ActiveCfg = Release|Any CPU
		{3CC2CBCE-65F2-4035-8582-5EC825C9A10F}.Release|x64.Build.0 = Release|Any CPU
		{3CC2CBCE-65F2-4035-8582-5EC825C9A10F}.Release|x86.ActiveCfg = Release|Any CPU
		{3CC2CBCE-65F2-4035-8582-5EC825C9A10F}.Release|x86.Build.0 = Release|Any CPU
		{8AE7B3CD-9F3E-428D-95D4-09B881ED0A6E}.Debug|Any CPU.ActiveCfg = Debug|Any CPU
		{8AE7B3CD-9F3E-428D-95D4-09B881ED0A6E}.Debug|Any CPU.Build.0 = Debug|Any CPU
		{8AE7B3CD-9F3E-428D-95D4-09B881ED0A6E}.Debug|x64.ActiveCfg = Debug|Any CPU
		{8AE7B3CD-9F3E-428D-95D4-09B881ED0A6E}.Debug|x64.Build.0 = Debug|Any CPU
		{8AE7B3CD-9F3E-428D-95D4-09B881ED0A6E}.Debug|x86.ActiveCfg = Debug|Any CPU
		{8AE7B3CD-9F3E-428D-95D4-09B881ED0A6E}.Debug|x86.Build.0 = Debug|Any CPU
		{8AE7B3CD-9F3E-428D-95D4-09B881ED0A6E}.Release|Any CPU.ActiveCfg = Release|Any CPU
		{8AE7B3CD-9F3E-428D-95D4-09B881ED0A6E}.Release|Any CPU.Build.0 = Release|Any CPU
		{8AE7B3CD-9F3E-428D-95D4-09B881ED0A6E}.Release|x64.ActiveCfg = Release|Any CPU
		{8AE7B3CD-9F3E-428D-95D4-09B881ED0A6E}.Release|x64.Build.0 = Release|Any CPU
		{8AE7B3CD-9F3E-428D-95D4-09B881ED0A6E}.Release|x86.ActiveCfg = Release|Any CPU
		{8AE7B3CD-9F3E-428D-95D4-09B881ED0A6E}.Release|x86.Build.0 = Release|Any CPU
		{C36CB62D-1C57-4BCA-B67A-F82D162B5542}.Debug|Any CPU.ActiveCfg = Debug|Any CPU
		{C36CB62D-1C57-4BCA-B67A-F82D162B5542}.Debug|Any CPU.Build.0 = Debug|Any CPU
		{C36CB62D-1C57-4BCA-B67A-F82D162B5542}.Debug|x64.ActiveCfg = Debug|Any CPU
		{C36CB62D-1C57-4BCA-B67A-F82D162B5542}.Debug|x64.Build.0 = Debug|Any CPU
		{C36CB62D-1C57-4BCA-B67A-F82D162B5542}.Debug|x86.ActiveCfg = Debug|Any CPU
		{C36CB62D-1C57-4BCA-B67A-F82D162B5542}.Debug|x86.Build.0 = Debug|Any CPU
		{C36CB62D-1C57-4BCA-B67A-F82D162B5542}.Release|Any CPU.ActiveCfg = Release|Any CPU
		{C36CB62D-1C57-4BCA-B67A-F82D162B5542}.Release|Any CPU.Build.0 = Release|Any CPU
		{C36CB62D-1C57-4BCA-B67A-F82D162B5542}.Release|x64.ActiveCfg = Release|Any CPU
		{C36CB62D-1C57-4BCA-B67A-F82D162B5542}.Release|x64.Build.0 = Release|Any CPU
		{C36CB62D-1C57-4BCA-B67A-F82D162B5542}.Release|x86.ActiveCfg = Release|Any CPU
		{C36CB62D-1C57-4BCA-B67A-F82D162B5542}.Release|x86.Build.0 = Release|Any CPU
		{5150C4C4-58E5-471C-AD78-877F5FA21B65}.Debug|Any CPU.ActiveCfg = Debug|Any CPU
		{5150C4C4-58E5-471C-AD78-877F5FA21B65}.Debug|Any CPU.Build.0 = Debug|Any CPU
		{5150C4C4-58E5-471C-AD78-877F5FA21B65}.Debug|x64.ActiveCfg = Debug|Any CPU
		{5150C4C4-58E5-471C-AD78-877F5FA21B65}.Debug|x64.Build.0 = Debug|Any CPU
		{5150C4C4-58E5-471C-AD78-877F5FA21B65}.Debug|x86.ActiveCfg = Debug|Any CPU
		{5150C4C4-58E5-471C-AD78-877F5FA21B65}.Debug|x86.Build.0 = Debug|Any CPU
		{5150C4C4-58E5-471C-AD78-877F5FA21B65}.Release|Any CPU.ActiveCfg = Release|Any CPU
		{5150C4C4-58E5-471C-AD78-877F5FA21B65}.Release|Any CPU.Build.0 = Release|Any CPU
		{5150C4C4-58E5-471C-AD78-877F5FA21B65}.Release|x64.ActiveCfg = Release|Any CPU
		{5150C4C4-58E5-471C-AD78-877F5FA21B65}.Release|x64.Build.0 = Release|Any CPU
		{5150C4C4-58E5-471C-AD78-877F5FA21B65}.Release|x86.ActiveCfg = Release|Any CPU
		{5150C4C4-58E5-471C-AD78-877F5FA21B65}.Release|x86.Build.0 = Release|Any CPU
		{4FCF4278-0AE9-4E58-B5E2-960122BBDAB2}.Debug|Any CPU.ActiveCfg = Debug|Any CPU
		{4FCF4278-0AE9-4E58-B5E2-960122BBDAB2}.Debug|Any CPU.Build.0 = Debug|Any CPU
		{4FCF4278-0AE9-4E58-B5E2-960122BBDAB2}.Debug|x64.ActiveCfg = Debug|Any CPU
		{4FCF4278-0AE9-4E58-B5E2-960122BBDAB2}.Debug|x64.Build.0 = Debug|Any CPU
		{4FCF4278-0AE9-4E58-B5E2-960122BBDAB2}.Debug|x86.ActiveCfg = Debug|Any CPU
		{4FCF4278-0AE9-4E58-B5E2-960122BBDAB2}.Debug|x86.Build.0 = Debug|Any CPU
		{4FCF4278-0AE9-4E58-B5E2-960122BBDAB2}.Release|Any CPU.ActiveCfg = Release|Any CPU
		{4FCF4278-0AE9-4E58-B5E2-960122BBDAB2}.Release|Any CPU.Build.0 = Release|Any CPU
		{4FCF4278-0AE9-4E58-B5E2-960122BBDAB2}.Release|x64.ActiveCfg = Release|Any CPU
		{4FCF4278-0AE9-4E58-B5E2-960122BBDAB2}.Release|x64.Build.0 = Release|Any CPU
		{4FCF4278-0AE9-4E58-B5E2-960122BBDAB2}.Release|x86.ActiveCfg = Release|Any CPU
		{4FCF4278-0AE9-4E58-B5E2-960122BBDAB2}.Release|x86.Build.0 = Release|Any CPU
	EndGlobalSection
	GlobalSection(NestedProjects) = preSolution
		{3CC2CBCE-65F2-4035-8582-5EC825C9A10F} = {33533D2A-A75D-42D0-9691-CC525B43C621}
		{8AE7B3CD-9F3E-428D-95D4-09B881ED0A6E} = {33533D2A-A75D-42D0-9691-CC525B43C621}
		{3C8AD9A5-2FE0-4983-A1D2-1AE6A17605AC} = {DA71CDAA-8DD3-4D5F-9FBD-8E4B37A2D925}
		{F1CD95F7-A512-49CE-9A04-879D24C5EDB3} = {DA71CDAA-8DD3-4D5F-9FBD-8E4B37A2D925}
		{5A5493C1-FCF2-4EA8-BA1A-B0144E3428BE} = {DA71CDAA-8DD3-4D5F-9FBD-8E4B37A2D925}
		{C36CB62D-1C57-4BCA-B67A-F82D162B5542} = {F1CD95F7-A512-49CE-9A04-879D24C5EDB3}
		{5150C4C4-58E5-471C-AD78-877F5FA21B65} = {F1CD95F7-A512-49CE-9A04-879D24C5EDB3}
		{4FCF4278-0AE9-4E58-B5E2-960122BBDAB2} = {5A5493C1-FCF2-4EA8-BA1A-B0144E3428BE}
	EndGlobalSection
EndGlobal
